// !$*UTF8*$!
{
	archiveVersion = 1;
	classes = {
	};
	objectVersion = 50;
	objects = {

/* Begin PBXBuildFile section */
		8460217926F82F33006D5D2B /* AppDelegate.swift in Sources */ = {isa = PBXBuildFile; fileRef = 8460217826F82F33006D5D2B /* AppDelegate.swift */; };
		8460217B26F82F33006D5D2B /* SceneDelegate.swift in Sources */ = {isa = PBXBuildFile; fileRef = 8460217A26F82F33006D5D2B /* SceneDelegate.swift */; };
		8460217D26F82F33006D5D2B /* MainViewController.swift in Sources */ = {isa = PBXBuildFile; fileRef = 8460217C26F82F33006D5D2B /* MainViewController.swift */; };
		8460218026F82F33006D5D2B /* Main.storyboard in Resources */ = {isa = PBXBuildFile; fileRef = 8460217E26F82F33006D5D2B /* Main.storyboard */; };
		8460218226F82F34006D5D2B /* Assets.xcassets in Resources */ = {isa = PBXBuildFile; fileRef = 8460218126F82F34006D5D2B /* Assets.xcassets */; };
		8460218526F82F34006D5D2B /* LaunchScreen.storyboard in Resources */ = {isa = PBXBuildFile; fileRef = 8460218326F82F34006D5D2B /* LaunchScreen.storyboard */; };
		8460219026F82F35006D5D2B /* GithubSearchAppTests.swift in Sources */ = {isa = PBXBuildFile; fileRef = 8460218F26F82F35006D5D2B /* GithubSearchAppTests.swift */; };
		8460219B26F82F35006D5D2B /* GithubSearchAppUITests.swift in Sources */ = {isa = PBXBuildFile; fileRef = 8460219A26F82F35006D5D2B /* GithubSearchAppUITests.swift */; };
		846021AD26F86E34006D5D2B /* SearchItem.swift in Sources */ = {isa = PBXBuildFile; fileRef = 846021AC26F86E34006D5D2B /* SearchItem.swift */; };
		846021AF26F87498006D5D2B /* User.swift in Sources */ = {isa = PBXBuildFile; fileRef = 846021AE26F87498006D5D2B /* User.swift */; };
		846021B126F8775E006D5D2B /* License.swift in Sources */ = {isa = PBXBuildFile; fileRef = 846021B026F8775E006D5D2B /* License.swift */; };
		846021B326F878B3006D5D2B /* HTTPHelper.swift in Sources */ = {isa = PBXBuildFile; fileRef = 846021B226F878B3006D5D2B /* HTTPHelper.swift */; };
		846021B526F88006006D5D2B /* MainViewModel.swift in Sources */ = {isa = PBXBuildFile; fileRef = 846021B426F88006006D5D2B /* MainViewModel.swift */; };
		846021B726F8A7D5006D5D2B /* MainCollectionViewCell.swift in Sources */ = {isa = PBXBuildFile; fileRef = 846021B626F8A7D5006D5D2B /* MainCollectionViewCell.swift */; };
		846021B926F8B156006D5D2B /* Search.swift in Sources */ = {isa = PBXBuildFile; fileRef = 846021B826F8B156006D5D2B /* Search.swift */; };
/* End PBXBuildFile section */

/* Begin PBXContainerItemProxy section */
		8460218C26F82F35006D5D2B /* PBXContainerItemProxy */ = {
			isa = PBXContainerItemProxy;
			containerPortal = 8460216D26F82F32006D5D2B /* Project object */;
			proxyType = 1;
			remoteGlobalIDString = 8460217426F82F32006D5D2B;
			remoteInfo = GithubSearchApp;
		};
		8460219726F82F35006D5D2B /* PBXContainerItemProxy */ = {
			isa = PBXContainerItemProxy;
			containerPortal = 8460216D26F82F32006D5D2B /* Project object */;
			proxyType = 1;
			remoteGlobalIDString = 8460217426F82F32006D5D2B;
			remoteInfo = GithubSearchApp;
		};
/* End PBXContainerItemProxy section */

/* Begin PBXFileReference section */
		8460217526F82F33006D5D2B /* GithubSearchApp.app */ = {isa = PBXFileReference; explicitFileType = wrapper.application; includeInIndex = 0; path = GithubSearchApp.app; sourceTree = BUILT_PRODUCTS_DIR; };
		8460217826F82F33006D5D2B /* AppDelegate.swift */ = {isa = PBXFileReference; lastKnownFileType = sourcecode.swift; path = AppDelegate.swift; sourceTree = "<group>"; };
		8460217A26F82F33006D5D2B /* SceneDelegate.swift */ = {isa = PBXFileReference; lastKnownFileType = sourcecode.swift; path = SceneDelegate.swift; sourceTree = "<group>"; };
		8460217C26F82F33006D5D2B /* MainViewController.swift */ = {isa = PBXFileReference; lastKnownFileType = sourcecode.swift; path = MainViewController.swift; sourceTree = "<group>"; };
		8460217F26F82F33006D5D2B /* Base */ = {isa = PBXFileReference; lastKnownFileType = file.storyboard; name = Base; path = Base.lproj/Main.storyboard; sourceTree = "<group>"; };
		8460218126F82F34006D5D2B /* Assets.xcassets */ = {isa = PBXFileReference; lastKnownFileType = folder.assetcatalog; path = Assets.xcassets; sourceTree = "<group>"; };
		8460218426F82F34006D5D2B /* Base */ = {isa = PBXFileReference; lastKnownFileType = file.storyboard; name = Base; path = Base.lproj/LaunchScreen.storyboard; sourceTree = "<group>"; };
		8460218626F82F34006D5D2B /* Info.plist */ = {isa = PBXFileReference; lastKnownFileType = text.plist.xml; path = Info.plist; sourceTree = "<group>"; };
		8460218B26F82F35006D5D2B /* GithubSearchAppTests.xctest */ = {isa = PBXFileReference; explicitFileType = wrapper.cfbundle; includeInIndex = 0; path = GithubSearchAppTests.xctest; sourceTree = BUILT_PRODUCTS_DIR; };
		8460218F26F82F35006D5D2B /* GithubSearchAppTests.swift */ = {isa = PBXFileReference; lastKnownFileType = sourcecode.swift; path = GithubSearchAppTests.swift; sourceTree = "<group>"; };
		8460219126F82F35006D5D2B /* Info.plist */ = {isa = PBXFileReference; lastKnownFileType = text.plist.xml; path = Info.plist; sourceTree = "<group>"; };
		8460219626F82F35006D5D2B /* GithubSearchAppUITests.xctest */ = {isa = PBXFileReference; explicitFileType = wrapper.cfbundle; includeInIndex = 0; path = GithubSearchAppUITests.xctest; sourceTree = BUILT_PRODUCTS_DIR; };
		8460219A26F82F35006D5D2B /* GithubSearchAppUITests.swift */ = {isa = PBXFileReference; lastKnownFileType = sourcecode.swift; path = GithubSearchAppUITests.swift; sourceTree = "<group>"; };
		8460219C26F82F35006D5D2B /* Info.plist */ = {isa = PBXFileReference; lastKnownFileType = text.plist.xml; path = Info.plist; sourceTree = "<group>"; };
		846021AC26F86E34006D5D2B /* SearchItem.swift */ = {isa = PBXFileReference; lastKnownFileType = sourcecode.swift; path = SearchItem.swift; sourceTree = "<group>"; };
		846021AE26F87498006D5D2B /* User.swift */ = {isa = PBXFileReference; lastKnownFileType = sourcecode.swift; path = User.swift; sourceTree = "<group>"; };
		846021B026F8775E006D5D2B /* License.swift */ = {isa = PBXFileReference; lastKnownFileType = sourcecode.swift; path = License.swift; sourceTree = "<group>"; };
		846021B226F878B3006D5D2B /* HTTPHelper.swift */ = {isa = PBXFileReference; lastKnownFileType = sourcecode.swift; path = HTTPHelper.swift; sourceTree = "<group>"; };
		846021B426F88006006D5D2B /* MainViewModel.swift */ = {isa = PBXFileReference; lastKnownFileType = sourcecode.swift; path = MainViewModel.swift; sourceTree = "<group>"; };
		846021B626F8A7D5006D5D2B /* MainCollectionViewCell.swift */ = {isa = PBXFileReference; lastKnownFileType = sourcecode.swift; path = MainCollectionViewCell.swift; sourceTree = "<group>"; };
		846021B826F8B156006D5D2B /* Search.swift */ = {isa = PBXFileReference; lastKnownFileType = sourcecode.swift; path = Search.swift; sourceTree = "<group>"; };
/* End PBXFileReference section */

/* Begin PBXFrameworksBuildPhase section */
		8460217226F82F32006D5D2B /* Frameworks */ = {
			isa = PBXFrameworksBuildPhase;
			buildActionMask = 2147483647;
			files = (
			);
			runOnlyForDeploymentPostprocessing = 0;
		};
		8460218826F82F35006D5D2B /* Frameworks */ = {
			isa = PBXFrameworksBuildPhase;
			buildActionMask = 2147483647;
			files = (
			);
			runOnlyForDeploymentPostprocessing = 0;
		};
		8460219326F82F35006D5D2B /* Frameworks */ = {
			isa = PBXFrameworksBuildPhase;
			buildActionMask = 2147483647;
			files = (
			);
			runOnlyForDeploymentPostprocessing = 0;
		};
/* End PBXFrameworksBuildPhase section */

/* Begin PBXGroup section */
		8460216C26F82F32006D5D2B = {
			isa = PBXGroup;
			children = (
				8460217726F82F33006D5D2B /* GithubSearchApp */,
				8460218E26F82F35006D5D2B /* GithubSearchAppTests */,
				8460219926F82F35006D5D2B /* GithubSearchAppUITests */,
				8460217626F82F33006D5D2B /* Products */,
			);
			sourceTree = "<group>";
		};
		8460217626F82F33006D5D2B /* Products */ = {
			isa = PBXGroup;
			children = (
				8460217526F82F33006D5D2B /* GithubSearchApp.app */,
				8460218B26F82F35006D5D2B /* GithubSearchAppTests.xctest */,
				8460219626F82F35006D5D2B /* GithubSearchAppUITests.xctest */,
			);
			name = Products;
			sourceTree = "<group>";
		};
		8460217726F82F33006D5D2B /* GithubSearchApp */ = {
			isa = PBXGroup;
			children = (
				846021A926F8622C006D5D2B /* Model */,
				846021A826F83356006D5D2B /* View */,
				846021AA26F86230006D5D2B /* ViewModel */,
				846021AB26F8623B006D5D2B /* Helper */,
				8460217826F82F33006D5D2B /* AppDelegate.swift */,
				8460217A26F82F33006D5D2B /* SceneDelegate.swift */,
				8460218126F82F34006D5D2B /* Assets.xcassets */,
				8460218326F82F34006D5D2B /* LaunchScreen.storyboard */,
				8460218626F82F34006D5D2B /* Info.plist */,
			);
			path = GithubSearchApp;
			sourceTree = "<group>";
		};
		8460218E26F82F35006D5D2B /* GithubSearchAppTests */ = {
			isa = PBXGroup;
			children = (
				8460218F26F82F35006D5D2B /* GithubSearchAppTests.swift */,
				8460219126F82F35006D5D2B /* Info.plist */,
			);
			path = GithubSearchAppTests;
			sourceTree = "<group>";
		};
		8460219926F82F35006D5D2B /* GithubSearchAppUITests */ = {
			isa = PBXGroup;
			children = (
				8460219A26F82F35006D5D2B /* GithubSearchAppUITests.swift */,
				8460219C26F82F35006D5D2B /* Info.plist */,
			);
			path = GithubSearchAppUITests;
			sourceTree = "<group>";
		};
		846021A826F83356006D5D2B /* View */ = {
			isa = PBXGroup;
			children = (
				8460217C26F82F33006D5D2B /* MainViewController.swift */,
				8460217E26F82F33006D5D2B /* Main.storyboard */,
				846021B626F8A7D5006D5D2B /* MainCollectionViewCell.swift */,
			);
			path = View;
			sourceTree = "<group>";
		};
		846021A926F8622C006D5D2B /* Model */ = {
			isa = PBXGroup;
			children = (
				846021AC26F86E34006D5D2B /* SearchItem.swift */,
				846021AE26F87498006D5D2B /* User.swift */,
				846021B026F8775E006D5D2B /* License.swift */,
				846021B826F8B156006D5D2B /* Search.swift */,
			);
			path = Model;
			sourceTree = "<group>";
		};
		846021AA26F86230006D5D2B /* ViewModel */ = {
			isa = PBXGroup;
			children = (
				846021B426F88006006D5D2B /* MainViewModel.swift */,
			);
			path = ViewModel;
			sourceTree = "<group>";
		};
		846021AB26F8623B006D5D2B /* Helper */ = {
			isa = PBXGroup;
			children = (
				846021B226F878B3006D5D2B /* HTTPHelper.swift */,
			);
			path = Helper;
			sourceTree = "<group>";
		};
/* End PBXGroup section */

/* Begin PBXNativeTarget section */
		8460217426F82F32006D5D2B /* GithubSearchApp */ = {
			isa = PBXNativeTarget;
			buildConfigurationList = 8460219F26F82F35006D5D2B /* Build configuration list for PBXNativeTarget "GithubSearchApp" */;
			buildPhases = (
				8460217126F82F32006D5D2B /* Sources */,
				8460217226F82F32006D5D2B /* Frameworks */,
				8460217326F82F32006D5D2B /* Resources */,
			);
			buildRules = (
			);
			dependencies = (
			);
			name = GithubSearchApp;
			productName = GithubSearchApp;
			productReference = 8460217526F82F33006D5D2B /* GithubSearchApp.app */;
			productType = "com.apple.product-type.application";
		};
		8460218A26F82F35006D5D2B /* GithubSearchAppTests */ = {
			isa = PBXNativeTarget;
			buildConfigurationList = 846021A226F82F35006D5D2B /* Build configuration list for PBXNativeTarget "GithubSearchAppTests" */;
			buildPhases = (
				8460218726F82F35006D5D2B /* Sources */,
				8460218826F82F35006D5D2B /* Frameworks */,
				8460218926F82F35006D5D2B /* Resources */,
			);
			buildRules = (
			);
			dependencies = (
				8460218D26F82F35006D5D2B /* PBXTargetDependency */,
			);
			name = GithubSearchAppTests;
			productName = GithubSearchAppTests;
			productReference = 8460218B26F82F35006D5D2B /* GithubSearchAppTests.xctest */;
			productType = "com.apple.product-type.bundle.unit-test";
		};
		8460219526F82F35006D5D2B /* GithubSearchAppUITests */ = {
			isa = PBXNativeTarget;
			buildConfigurationList = 846021A526F82F35006D5D2B /* Build configuration list for PBXNativeTarget "GithubSearchAppUITests" */;
			buildPhases = (
				8460219226F82F35006D5D2B /* Sources */,
				8460219326F82F35006D5D2B /* Frameworks */,
				8460219426F82F35006D5D2B /* Resources */,
			);
			buildRules = (
			);
			dependencies = (
				8460219826F82F35006D5D2B /* PBXTargetDependency */,
			);
			name = GithubSearchAppUITests;
			productName = GithubSearchAppUITests;
			productReference = 8460219626F82F35006D5D2B /* GithubSearchAppUITests.xctest */;
			productType = "com.apple.product-type.bundle.ui-testing";
		};
/* End PBXNativeTarget section */

/* Begin PBXProject section */
		8460216D26F82F32006D5D2B /* Project object */ = {
			isa = PBXProject;
			attributes = {
				LastSwiftUpdateCheck = 1250;
				LastUpgradeCheck = 1250;
				TargetAttributes = {
					8460217426F82F32006D5D2B = {
						CreatedOnToolsVersion = 12.5.1;
					};
					8460218A26F82F35006D5D2B = {
						CreatedOnToolsVersion = 12.5.1;
						TestTargetID = 8460217426F82F32006D5D2B;
					};
					8460219526F82F35006D5D2B = {
						CreatedOnToolsVersion = 12.5.1;
						TestTargetID = 8460217426F82F32006D5D2B;
					};
				};
			};
			buildConfigurationList = 8460217026F82F32006D5D2B /* Build configuration list for PBXProject "GithubSearchApp" */;
			compatibilityVersion = "Xcode 9.3";
			developmentRegion = en;
			hasScannedForEncodings = 0;
			knownRegions = (
				en,
				Base,
			);
			mainGroup = 8460216C26F82F32006D5D2B;
			productRefGroup = 8460217626F82F33006D5D2B /* Products */;
			projectDirPath = "";
			projectRoot = "";
			targets = (
				8460217426F82F32006D5D2B /* GithubSearchApp */,
				8460218A26F82F35006D5D2B /* GithubSearchAppTests */,
				8460219526F82F35006D5D2B /* GithubSearchAppUITests */,
			);
		};
/* End PBXProject section */

/* Begin PBXResourcesBuildPhase section */
		8460217326F82F32006D5D2B /* Resources */ = {
			isa = PBXResourcesBuildPhase;
			buildActionMask = 2147483647;
			files = (
				8460218526F82F34006D5D2B /* LaunchScreen.storyboard in Resources */,
				8460218226F82F34006D5D2B /* Assets.xcassets in Resources */,
				8460218026F82F33006D5D2B /* Main.storyboard in Resources */,
			);
			runOnlyForDeploymentPostprocessing = 0;
		};
		8460218926F82F35006D5D2B /* Resources */ = {
			isa = PBXResourcesBuildPhase;
			buildActionMask = 2147483647;
			files = (
			);
			runOnlyForDeploymentPostprocessing = 0;
		};
		8460219426F82F35006D5D2B /* Resources */ = {
			isa = PBXResourcesBuildPhase;
			buildActionMask = 2147483647;
			files = (
			);
			runOnlyForDeploymentPostprocessing = 0;
		};
/* End PBXResourcesBuildPhase section */

/* Begin PBXSourcesBuildPhase section */
		8460217126F82F32006D5D2B /* Sources */ = {
			isa = PBXSourcesBuildPhase;
			buildActionMask = 2147483647;
			files = (
				846021AD26F86E34006D5D2B /* SearchItem.swift in Sources */,
				846021B726F8A7D5006D5D2B /* MainCollectionViewCell.swift in Sources */,
				846021B326F878B3006D5D2B /* HTTPHelper.swift in Sources */,
				846021B926F8B156006D5D2B /* Search.swift in Sources */,
				8460217D26F82F33006D5D2B /* MainViewController.swift in Sources */,
				846021AF26F87498006D5D2B /* User.swift in Sources */,
				8460217926F82F33006D5D2B /* AppDelegate.swift in Sources */,
				8460217B26F82F33006D5D2B /* SceneDelegate.swift in Sources */,
				846021B126F8775E006D5D2B /* License.swift in Sources */,
				846021B526F88006006D5D2B /* MainViewModel.swift in Sources */,
			);
			runOnlyForDeploymentPostprocessing = 0;
		};
		8460218726F82F35006D5D2B /* Sources */ = {
			isa = PBXSourcesBuildPhase;
			buildActionMask = 2147483647;
			files = (
				8460219026F82F35006D5D2B /* GithubSearchAppTests.swift in Sources */,
			);
			runOnlyForDeploymentPostprocessing = 0;
		};
		8460219226F82F35006D5D2B /* Sources */ = {
			isa = PBXSourcesBuildPhase;
			buildActionMask = 2147483647;
			files = (
				8460219B26F82F35006D5D2B /* GithubSearchAppUITests.swift in Sources */,
			);
			runOnlyForDeploymentPostprocessing = 0;
		};
/* End PBXSourcesBuildPhase section */

/* Begin PBXTargetDependency section */
		8460218D26F82F35006D5D2B /* PBXTargetDependency */ = {
			isa = PBXTargetDependency;
			target = 8460217426F82F32006D5D2B /* GithubSearchApp */;
			targetProxy = 8460218C26F82F35006D5D2B /* PBXContainerItemProxy */;
		};
		8460219826F82F35006D5D2B /* PBXTargetDependency */ = {
			isa = PBXTargetDependency;
			target = 8460217426F82F32006D5D2B /* GithubSearchApp */;
			targetProxy = 8460219726F82F35006D5D2B /* PBXContainerItemProxy */;
		};
/* End PBXTargetDependency section */

/* Begin PBXVariantGroup section */
		8460217E26F82F33006D5D2B /* Main.storyboard */ = {
			isa = PBXVariantGroup;
			children = (
				8460217F26F82F33006D5D2B /* Base */,
			);
			name = Main.storyboard;
			sourceTree = "<group>";
		};
		8460218326F82F34006D5D2B /* LaunchScreen.storyboard */ = {
			isa = PBXVariantGroup;
			children = (
				8460218426F82F34006D5D2B /* Base */,
			);
			name = LaunchScreen.storyboard;
			sourceTree = "<group>";
		};
/* End PBXVariantGroup section */

/* Begin XCBuildConfiguration section */
		8460219D26F82F35006D5D2B /* Debug */ = {
			isa = XCBuildConfiguration;
			buildSettings = {
				ALWAYS_SEARCH_USER_PATHS = NO;
				CLANG_ANALYZER_NONNULL = YES;
				CLANG_ANALYZER_NUMBER_OBJECT_CONVERSION = YES_AGGRESSIVE;
				CLANG_CXX_LANGUAGE_STANDARD = "gnu++14";
				CLANG_CXX_LIBRARY = "libc++";
				CLANG_ENABLE_MODULES = YES;
				CLANG_ENABLE_OBJC_ARC = YES;
				CLANG_ENABLE_OBJC_WEAK = YES;
				CLANG_WARN_BLOCK_CAPTURE_AUTORELEASING = YES;
				CLANG_WARN_BOOL_CONVERSION = YES;
				CLANG_WARN_COMMA = YES;
				CLANG_WARN_CONSTANT_CONVERSION = YES;
				CLANG_WARN_DEPRECATED_OBJC_IMPLEMENTATIONS = YES;
				CLANG_WARN_DIRECT_OBJC_ISA_USAGE = YES_ERROR;
				CLANG_WARN_DOCUMENTATION_COMMENTS = YES;
				CLANG_WARN_EMPTY_BODY = YES;
				CLANG_WARN_ENUM_CONVERSION = YES;
				CLANG_WARN_INFINITE_RECURSION = YES;
				CLANG_WARN_INT_CONVERSION = YES;
				CLANG_WARN_NON_LITERAL_NULL_CONVERSION = YES;
				CLANG_WARN_OBJC_IMPLICIT_RETAIN_SELF = YES;
				CLANG_WARN_OBJC_LITERAL_CONVERSION = YES;
				CLANG_WARN_OBJC_ROOT_CLASS = YES_ERROR;
				CLANG_WARN_QUOTED_INCLUDE_IN_FRAMEWORK_HEADER = YES;
				CLANG_WARN_RANGE_LOOP_ANALYSIS = YES;
				CLANG_WARN_STRICT_PROTOTYPES = YES;
				CLANG_WARN_SUSPICIOUS_MOVE = YES;
				CLANG_WARN_UNGUARDED_AVAILABILITY = YES_AGGRESSIVE;
				CLANG_WARN_UNREACHABLE_CODE = YES;
				CLANG_WARN__DUPLICATE_METHOD_MATCH = YES;
				COPY_PHASE_STRIP = NO;
				DEBUG_INFORMATION_FORMAT = dwarf;
				ENABLE_STRICT_OBJC_MSGSEND = YES;
				ENABLE_TESTABILITY = YES;
				GCC_C_LANGUAGE_STANDARD = gnu11;
				GCC_DYNAMIC_NO_PIC = NO;
				GCC_NO_COMMON_BLOCKS = YES;
				GCC_OPTIMIZATION_LEVEL = 0;
				GCC_PREPROCESSOR_DEFINITIONS = (
					"DEBUG=1",
					"$(inherited)",
				);
				GCC_WARN_64_TO_32_BIT_CONVERSION = YES;
				GCC_WARN_ABOUT_RETURN_TYPE = YES_ERROR;
				GCC_WARN_UNDECLARED_SELECTOR = YES;
				GCC_WARN_UNINITIALIZED_AUTOS = YES_AGGRESSIVE;
				GCC_WARN_UNUSED_FUNCTION = YES;
				GCC_WARN_UNUSED_VARIABLE = YES;
				IPHONEOS_DEPLOYMENT_TARGET = 14.5;
				MTL_ENABLE_DEBUG_INFO = INCLUDE_SOURCE;
				MTL_FAST_MATH = YES;
				ONLY_ACTIVE_ARCH = YES;
				SDKROOT = iphoneos;
				SWIFT_ACTIVE_COMPILATION_CONDITIONS = DEBUG;
				SWIFT_OPTIMIZATION_LEVEL = "-Onone";
			};
			name = Debug;
		};
		8460219E26F82F35006D5D2B /* Release */ = {
			isa = XCBuildConfiguration;
			buildSettings = {
				ALWAYS_SEARCH_USER_PATHS = NO;
				CLANG_ANALYZER_NONNULL = YES;
				CLANG_ANALYZER_NUMBER_OBJECT_CONVERSION = YES_AGGRESSIVE;
				CLANG_CXX_LANGUAGE_STANDARD = "gnu++14";
				CLANG_CXX_LIBRARY = "libc++";
				CLANG_ENABLE_MODULES = YES;
				CLANG_ENABLE_OBJC_ARC = YES;
				CLANG_ENABLE_OBJC_WEAK = YES;
				CLANG_WARN_BLOCK_CAPTURE_AUTORELEASING = YES;
				CLANG_WARN_BOOL_CONVERSION = YES;
				CLANG_WARN_COMMA = YES;
				CLANG_WARN_CONSTANT_CONVERSION = YES;
				CLANG_WARN_DEPRECATED_OBJC_IMPLEMENTATIONS = YES;
				CLANG_WARN_DIRECT_OBJC_ISA_USAGE = YES_ERROR;
				CLANG_WARN_DOCUMENTATION_COMMENTS = YES;
				CLANG_WARN_EMPTY_BODY = YES;
				CLANG_WARN_ENUM_CONVERSION = YES;
				CLANG_WARN_INFINITE_RECURSION = YES;
				CLANG_WARN_INT_CONVERSION = YES;
				CLANG_WARN_NON_LITERAL_NULL_CONVERSION = YES;
				CLANG_WARN_OBJC_IMPLICIT_RETAIN_SELF = YES;
				CLANG_WARN_OBJC_LITERAL_CONVERSION = YES;
				CLANG_WARN_OBJC_ROOT_CLASS = YES_ERROR;
				CLANG_WARN_QUOTED_INCLUDE_IN_FRAMEWORK_HEADER = YES;
				CLANG_WARN_RANGE_LOOP_ANALYSIS = YES;
				CLANG_WARN_STRICT_PROTOTYPES = YES;
				CLANG_WARN_SUSPICIOUS_MOVE = YES;
				CLANG_WARN_UNGUARDED_AVAILABILITY = YES_AGGRESSIVE;
				CLANG_WARN_UNREACHABLE_CODE = YES;
				CLANG_WARN__DUPLICATE_METHOD_MATCH = YES;
				COPY_PHASE_STRIP = NO;
				DEBUG_INFORMATION_FORMAT = "dwarf-with-dsym";
				ENABLE_NS_ASSERTIONS = NO;
				ENABLE_STRICT_OBJC_MSGSEND = YES;
				GCC_C_LANGUAGE_STANDARD = gnu11;
				GCC_NO_COMMON_BLOCKS = YES;
				GCC_WARN_64_TO_32_BIT_CONVERSION = YES;
				GCC_WARN_ABOUT_RETURN_TYPE = YES_ERROR;
				GCC_WARN_UNDECLARED_SELECTOR = YES;
				GCC_WARN_UNINITIALIZED_AUTOS = YES_AGGRESSIVE;
				GCC_WARN_UNUSED_FUNCTION = YES;
				GCC_WARN_UNUSED_VARIABLE = YES;
				IPHONEOS_DEPLOYMENT_TARGET = 14.5;
				MTL_ENABLE_DEBUG_INFO = NO;
				MTL_FAST_MATH = YES;
				SDKROOT = iphoneos;
				SWIFT_COMPILATION_MODE = wholemodule;
				SWIFT_OPTIMIZATION_LEVEL = "-O";
				VALIDATE_PRODUCT = YES;
			};
			name = Release;
		};
		846021A026F82F35006D5D2B /* Debug */ = {
			isa = XCBuildConfiguration;
			buildSettings = {
				ASSETCATALOG_COMPILER_APPICON_NAME = AppIcon;
				ASSETCATALOG_COMPILER_GLOBAL_ACCENT_COLOR_NAME = AccentColor;
				CODE_SIGN_STYLE = Automatic;
				DEVELOPMENT_TEAM = 8ENZQ8J62J;
				INFOPLIST_FILE = GithubSearchApp/Info.plist;
				LD_RUNPATH_SEARCH_PATHS = (
					"$(inherited)",
					"@executable_path/Frameworks",
				);
				PRODUCT_BUNDLE_IDENTIFIER = kevinho0236.GithubSearchApp;
				PRODUCT_NAME = "$(TARGET_NAME)";
				SWIFT_VERSION = 5.0;
				TARGETED_DEVICE_FAMILY = "1,2";
			};
			name = Debug;
		};
		846021A126F82F35006D5D2B /* Release */ = {
			isa = XCBuildConfiguration;
			buildSettings = {
				ASSETCATALOG_COMPILER_APPICON_NAME = AppIcon;
				ASSETCATALOG_COMPILER_GLOBAL_ACCENT_COLOR_NAME = AccentColor;
				CODE_SIGN_STYLE = Automatic;
				DEVELOPMENT_TEAM = 8ENZQ8J62J;
				INFOPLIST_FILE = GithubSearchApp/Info.plist;
				LD_RUNPATH_SEARCH_PATHS = (
					"$(inherited)",
					"@executable_path/Frameworks",
				);
				PRODUCT_BUNDLE_IDENTIFIER = kevinho0236.GithubSearchApp;
				PRODUCT_NAME = "$(TARGET_NAME)";
				SWIFT_VERSION = 5.0;
				TARGETED_DEVICE_FAMILY = "1,2";
			};
			name = Release;
		};
		846021A326F82F35006D5D2B /* Debug */ = {
			isa = XCBuildConfiguration;
			buildSettings = {
				ALWAYS_EMBED_SWIFT_STANDARD_LIBRARIES = YES;
				BUNDLE_LOADER = "$(TEST_HOST)";
				CODE_SIGN_STYLE = Automatic;
				DEVELOPMENT_TEAM = 8ENZQ8J62J;
				INFOPLIST_FILE = GithubSearchAppTests/Info.plist;
				IPHONEOS_DEPLOYMENT_TARGET = 14.5;
				LD_RUNPATH_SEARCH_PATHS = (
					"$(inherited)",
					"@executable_path/Frameworks",
					"@loader_path/Frameworks",
				);
				PRODUCT_BUNDLE_IDENTIFIER = kevinho0236.GithubSearchAppTests;
				PRODUCT_NAME = "$(TARGET_NAME)";
				SWIFT_VERSION = 5.0;
				TARGETED_DEVICE_FAMILY = "1,2";
				TEST_HOST = "$(BUILT_PRODUCTS_DIR)/GithubSearchApp.app/GithubSearchApp";
			};
			name = Debug;
		};
		846021A426F82F35006D5D2B /* Release */ = {
			isa = XCBuildConfiguration;
			buildSettings = {
				ALWAYS_EMBED_SWIFT_STANDARD_LIBRARIES = YES;
				BUNDLE_LOADER = "$(TEST_HOST)";
				CODE_SIGN_STYLE = Automatic;
				DEVELOPMENT_TEAM = 8ENZQ8J62J;
				INFOPLIST_FILE = GithubSearchAppTests/Info.plist;
				IPHONEOS_DEPLOYMENT_TARGET = 14.5;
				LD_RUNPATH_SEARCH_PATHS = (
					"$(inherited)",
					"@executable_path/Frameworks",
					"@loader_path/Frameworks",
				);
				PRODUCT_BUNDLE_IDENTIFIER = kevinho0236.GithubSearchAppTests;
				PRODUCT_NAME = "$(TARGET_NAME)";
				SWIFT_VERSION = 5.0;
				TARGETED_DEVICE_FAMILY = "1,2";
				TEST_HOST = "$(BUILT_PRODUCTS_DIR)/GithubSearchApp.app/GithubSearchApp";
			};
			name = Release;
		};
		846021A626F82F35006D5D2B /* Debug */ = {
			isa = XCBuildConfiguration;
			buildSettings = {
				ALWAYS_EMBED_SWIFT_STANDARD_LIBRARIES = YES;
				CODE_SIGN_STYLE = Automatic;
				DEVELOPMENT_TEAM = 8ENZQ8J62J;
				INFOPLIST_FILE = GithubSearchAppUITests/Info.plist;
				LD_RUNPATH_SEARCH_PATHS = (
					"$(inherited)",
					"@executable_path/Frameworks",
					"@loader_path/Frameworks",
				);
				PRODUCT_BUNDLE_IDENTIFIER = kevinho0236.GithubSearchAppUITests;
				PRODUCT_NAME = "$(TARGET_NAME)";
				SWIFT_VERSION = 5.0;
				TARGETED_DEVICE_FAMILY = "1,2";
				TEST_TARGET_NAME = GithubSearchApp;
			};
			name = Debug;
		};
		846021A726F82F35006D5D2B /* Release */ = {
			isa = XCBuildConfiguration;
			buildSettings = {
				ALWAYS_EMBED_SWIFT_STANDARD_LIBRARIES = YES;
				CODE_SIGN_STYLE = Automatic;
				DEVELOPMENT_TEAM = 8ENZQ8J62J;
				INFOPLIST_FILE = GithubSearchAppUITests/Info.plist;
				LD_RUNPATH_SEARCH_PATHS = (
					"$(inherited)",
					"@executable_path/Frameworks",
					"@loader_path/Frameworks",
				);
				PRODUCT_BUNDLE_IDENTIFIER = kevinho0236.GithubSearchAppUITests;
				PRODUCT_NAME = "$(TARGET_NAME)";
				SWIFT_VERSION = 5.0;
				TARGETED_DEVICE_FAMILY = "1,2";
				TEST_TARGET_NAME = GithubSearchApp;
			};
			name = Release;
		};
/* End XCBuildConfiguration section */

/* Begin XCConfigurationList section */
		8460217026F82F32006D5D2B /* Build configuration list for PBXProject "GithubSearchApp" */ = {
			isa = XCConfigurationList;
			buildConfigurations = (
				8460219D26F82F35006D5D2B /* Debug */,
				8460219E26F82F35006D5D2B /* Release */,
			);
			defaultConfigurationIsVisible = 0;
			defaultConfigurationName = Release;
		};
		8460219F26F82F35006D5D2B /* Build configuration list for PBXNativeTarget "GithubSearchApp" */ = {
			isa = XCConfigurationList;
			buildConfigurations = (
				846021A026F82F35006D5D2B /* Debug */,
				846021A126F82F35006D5D2B /* Release */,
			);
			defaultConfigurationIsVisible = 0;
			defaultConfigurationName = Release;
		};
		846021A226F82F35006D5D2B /* Build configuration list for PBXNativeTarget "GithubSearchAppTests" */ = {
			isa = XCConfigurationList;
			buildConfigurations = (
				846021A326F82F35006D5D2B /* Debug */,
				846021A426F82F35006D5D2B /* Release */,
			);
			defaultConfigurationIsVisible = 0;
			defaultConfigurationName = Release;
		};
		846021A526F82F35006D5D2B /* Build configuration list for PBXNativeTarget "GithubSearchAppUITests" */ = {
			isa = XCConfigurationList;
			buildConfigurations = (
				846021A626F82F35006D5D2B /* Debug */,
				846021A726F82F35006D5D2B /* Release */,
			);
			defaultConfigurationIsVisible = 0;
			defaultConfigurationName = Release;
		};
/* End XCConfigurationList section */
	};
	rootObject = 8460216D26F82F32006D5D2B /* Project object */;
}
